
Microsoft Visual Studio Solution File, Format Version 12.00
# Visual Studio Version 18
VisualStudioVersion = 18.1.11312.151
MinimumVisualStudioVersion = 10.0.40219.1
Project("{FAE04EC0-301F-11D3-BF4B-00C04F79EFBC}") = "AssetManagementApp.Api", "AssetManagementApp.Api\AssetManagementApp.Api.csproj", "{C044669C-9B23-F5F5-DD7D-7830D9C7246F}"
EndProject
Project("{FAE04EC0-301F-11D3-BF4B-00C04F79EFBC}") = "AssetManagementApp.Application", "AssetManagementApp.Application\AssetManagementApp.Application.csproj", "{4DFB42E5-21A3-D03B-974E-005AE010E359}"
EndProject
Project("{FAE04EC0-301F-11D3-BF4B-00C04F79EFBC}") = "AssetManagementApp.Domain", "AssetManagementApp.Domain\AssetManagementApp.Domain.csproj", "{D4ED7821-9A02-B891-40E2-A14C0B52FA88}"
EndProject
Project("{FAE04EC0-301F-11D3-BF4B-00C04F79EFBC}") = "AssetManagementApp.Infrastructure", "AssetManagementApp.Infrastructure\AssetManagementApp.Infrastructure.csproj", "{36815E29-9099-B094-4883-EC54CE81E6D2}"
EndProject
Project("{FAE04EC0-301F-11D3-BF4B-00C04F79EFBC}") = "AssetManagementApp.shared", "AssetManagementApp.shared\AssetManagementApp.shared.csproj", "{AC913EC0-6835-3727-0F8E-99E8D06D6DB4}"
EndProject
Project("{2150E333-8FDC-42A3-9474-1A3956D46DE8}") = "Solution Items", "Solution Items", "{CACEE92D-593A-47EE-994B-09C241A36693}"
EndProject
Global
	GlobalSection(SolutionConfigurationPlatforms) = preSolution
		Debug|Any CPU = Debug|Any CPU
		Release|Any CPU = Release|Any CPU
	EndGlobalSection
	GlobalSection(ProjectConfigurationPlatforms) = postSolution
		{C044669C-9B23-F5F5-DD7D-7830D9C7246F}.Debug|Any CPU.ActiveCfg = Debug|Any CPU
		{C044669C-9B23-F5F5-DD7D-7830D9C7246F}.Debug|Any CPU.Build.0 = Debug|Any CPU
		{C044669C-9B23-F5F5-DD7D-7830D9C7246F}.Release|Any CPU.ActiveCfg = Release|Any CPU
		{C044669C-9B23-F5F5-DD7D-7830D9C7246F}.Release|Any CPU.Build.0 = Release|Any CPU
		{4DFB42E5-21A3-D03B-974E-005AE010E359}.Debug|Any CPU.ActiveCfg = Debug|Any CPU
		{4DFB42E5-21A3-D03B-974E-005AE010E359}.Debug|Any CPU.Build.0 = Debug|Any CPU
		{4DFB42E5-21A3-D03B-974E-005AE010E359}.Release|Any CPU.ActiveCfg = Release|Any CPU
		{4DFB42E5-21A3-D03B-974E-005AE010E359}.Release|Any CPU.Build.0 = Release|Any CPU
		{D4ED7821-9A02-B891-40E2-A14C0B52FA88}.Debug|Any CPU.ActiveCfg = Debug|Any CPU
		{D4ED7821-9A02-B891-40E2-A14C0B52FA88}.Debug|Any CPU.Build.0 = Debug|Any CPU
		{D4ED7821-9A02-B891-40E2-A14C0B52FA88}.Release|Any CPU.ActiveCfg = Release|Any CPU
		{D4ED7821-9A02-B891-40E2-A14C0B52FA88}.Release|Any CPU.Build.0 = Release|Any CPU
		{36815E29-9099-B094-4883-EC54CE81E6D2}.Debug|Any CPU.ActiveCfg = Debug|Any CPU
		{36815E29-9099-B094-4883-EC54CE81E6D2}.Debug|Any CPU.Build.0 = Debug|Any CPU
		{36815E29-9099-B094-4883-EC54CE81E6D2}.Release|Any CPU.ActiveCfg = Release|Any CPU
		{36815E29-9099-B094-4883-EC54CE81E6D2}.Release|Any CPU.Build.0 = Release|Any CPU
		{AC913EC0-6835-3727-0F8E-99E8D06D6DB4}.Debug|Any CPU.ActiveCfg = Debug|Any CPU
		{AC913EC0-6835-3727-0F8E-99E8D06D6DB4}.Debug|Any CPU.Build.0 = Debug|Any CPU
		{AC913EC0-6835-3727-0F8E-99E8D06D6DB4}.Release|Any CPU.ActiveCfg = Release|Any CPU
		{AC913EC0-6835-3727-0F8E-99E8D06D6DB4}.Release|Any CPU.Build.0 = Release|Any CPU
	EndGlobalSection
	GlobalSection(SolutionProperties) = preSolution
		HideSolutionNode = FALSE
	EndGlobalSection
	GlobalSection(ExtensibilityGlobals) = postSolution
		SolutionGuid = {DEC53CFE-C394-4E72-ACE7-D9EC6D5AE4B0}
	EndGlobalSection
EndGlobal
